
Microsoft Visual Studio Solution File, Format Version 12.00
# Visual Studio Version 16
VisualStudioVersion = 16.0.29728.190
MinimumVisualStudioVersion = 10.0.40219.1
Project("{8BC9CEB8-8B4A-11D0-8D11-00A0C91BC942}") = "Printer DZ", "Printer DZ\Printer DZ.vcxproj", "{BA3A6EC0-B0B2-41CB-8642-1AED67A6A8FA}"
EndProject
Global
	GlobalSection(SolutionConfigurationPlatforms) = preSolution
		Debug|x64 = Debug|x64
		Debug|x86 = Debug|x86
		Release|x64 = Release|x64
		Release|x86 = Release|x86
	EndGlobalSection
	GlobalSection(ProjectConfigurationPlatforms) = postSolution
		{BA3A6EC0-B0B2-41CB-8642-1AED67A6A8FA}.Debug|x64.ActiveCfg = Debug|x64
		{BA3A6EC0-B0B2-41CB-8642-1AED67A6A8FA}.Debug|x64.Build.0 = Debug|x64
		{BA3A6EC0-B0B2-41CB-8642-1AED67A6A8FA}.Debug|x86.ActiveCfg = Debug|Win32
		{BA3A6EC0-B0B2-41CB-8642-1AED67A6A8FA}.Debug|x86.Build.0 = Debug|Win32
		{BA3A6EC0-B0B2-41CB-8642-1AED67A6A8FA}.Release|x64.ActiveCfg = Release|x64
		{BA3A6EC0-B0B2-41CB-8642-1AED67A6A8FA}.Release|x64.Build.0 = Release|x64
		{BA3A6EC0-B0B2-41CB-8642-1AED67A6A8FA}.Release|x86.ActiveCfg = Release|Win32
		{BA3A6EC0-B0B2-41CB-8642-1AED67A6A8FA}.Release|x86.Build.0 = Release|Win32
	EndGlobalSection
	GlobalSection(SolutionProperties) = preSolution
		HideSolutionNode = FALSE
	EndGlobalSection
	GlobalSection(ExtensibilityGlobals) = postSolution
		SolutionGuid = {108C6D48-4C4E-4C24-84D1-F2817EADF8DC}
	EndGlobalSection
EndGlobal
